
Microsoft Visual Studio Solution File, Format Version 12.00
# Visual Studio Version 17
VisualStudioVersion = 17.3.32825.248
MinimumVisualStudioVersion = 10.0.40219.1
Project("{9A19103F-16F7-4668-BE54-9A1E7A4F7556}") = "Abracadabra", "Abracadabra\Abracadabra.csproj", "{CFF67082-15C0-4DFE-A38B-34FBE7CB2B76}"
EndProject
Project("{9A19103F-16F7-4668-BE54-9A1E7A4F7556}") = "FileApp", "FileApp\FileApp.csproj", "{D18558AD-12F9-448F-9146-96FA7074D366}"
EndProject
Project("{9A19103F-16F7-4668-BE54-9A1E7A4F7556}") = "Puzzle", "Puzzle\Puzzle.csproj", "{624A39A0-76F9-4E83-B2DA-CC44E74D9B99}"
EndProject
Project("{9A19103F-16F7-4668-BE54-9A1E7A4F7556}") = "AdventOfCode", "AdventOfCode\AdventOfCode.csproj", "{F4A770C7-357D-4737-BC4A-CBF02DAB0081}"
EndProject
Project("{FAE04EC0-301F-11D3-BF4B-00C04F79EFBC}") = "MagicTools", "MagicTools\MagicTools.csproj", "{1B1B0EC1-96D7-4411-84B8-B8131C6AB0CC}"
EndProject
Global
	GlobalSection(SolutionConfigurationPlatforms) = preSolution
		Debug|Any CPU = Debug|Any CPU
		Debug|x64 = Debug|x64
		Debug|x86 = Debug|x86
		Release|Any CPU = Release|Any CPU
		Release|x64 = Release|x64
		Release|x86 = Release|x86
	EndGlobalSection
	GlobalSection(ProjectConfigurationPlatforms) = postSolution
		{CFF67082-15C0-4DFE-A38B-34FBE7CB2B76}.Debug|Any CPU.ActiveCfg = Debug|Any CPU
		{CFF67082-15C0-4DFE-A38B-34FBE7CB2B76}.Debug|Any CPU.Build.0 = Debug|Any CPU
		{CFF67082-15C0-4DFE-A38B-34FBE7CB2B76}.Debug|x64.ActiveCfg = Debug|Any CPU
		{CFF67082-15C0-4DFE-A38B-34FBE7CB2B76}.Debug|x64.Build.0 = Debug|Any CPU
		{CFF67082-15C0-4DFE-A38B-34FBE7CB2B76}.Debug|x86.ActiveCfg = Debug|Any CPU
		{CFF67082-15C0-4DFE-A38B-34FBE7CB2B76}.Debug|x86.Build.0 = Debug|Any CPU
		{CFF67082-15C0-4DFE-A38B-34FBE7CB2B76}.Release|Any CPU.ActiveCfg = Release|Any CPU
		{CFF67082-15C0-4DFE-A38B-34FBE7CB2B76}.Release|Any CPU.Build.0 = Release|Any CPU
		{CFF67082-15C0-4DFE-A38B-34FBE7CB2B76}.Release|x64.ActiveCfg = Release|Any CPU
		{CFF67082-15C0-4DFE-A38B-34FBE7CB2B76}.Release|x64.Build.0 = Release|Any CPU
		{CFF67082-15C0-4DFE-A38B-34FBE7CB2B76}.Release|x86.ActiveCfg = Release|Any CPU
		{CFF67082-15C0-4DFE-A38B-34FBE7CB2B76}.Release|x86.Build.0 = Release|Any CPU
		{D18558AD-12F9-448F-9146-96FA7074D366}.Debug|Any CPU.ActiveCfg = Debug|Any CPU
		{D18558AD-12F9-448F-9146-96FA7074D366}.Debug|Any CPU.Build.0 = Debug|Any CPU
		{D18558AD-12F9-448F-9146-96FA7074D366}.Debug|x64.ActiveCfg = Debug|Any CPU
		{D18558AD-12F9-448F-9146-96FA7074D366}.Debug|x64.Build.0 = Debug|Any CPU
		{D18558AD-12F9-448F-9146-96FA7074D366}.Debug|x86.ActiveCfg = Debug|Any CPU
		{D18558AD-12F9-448F-9146-96FA7074D366}.Debug|x86.Build.0 = Debug|Any CPU
		{D18558AD-12F9-448F-9146-96FA7074D366}.Release|Any CPU.ActiveCfg = Release|Any CPU
		{D18558AD-12F9-448F-9146-96FA7074D366}.Release|Any CPU.Build.0 = Release|Any CPU
		{D18558AD-12F9-448F-9146-96FA7074D366}.Release|x64.ActiveCfg = Release|Any CPU
		{D18558AD-12F9-448F-9146-96FA7074D366}.Release|x64.Build.0 = Release|Any CPU
		{D18558AD-12F9-448F-9146-96FA7074D366}.Release|x86.ActiveCfg = Release|Any CPU
		{D18558AD-12F9-448F-9146-96FA7074D366}.Release|x86.Build.0 = Release|Any CPU
		{624A39A0-76F9-4E83-B2DA-CC44E74D9B99}.Debug|Any CPU.ActiveCfg = Debug|Any CPU
		{624A39A0-76F9-4E83-B2DA-CC44E74D9B99}.Debug|Any CPU.Build.0 = Debug|Any CPU
		{624A39A0-76F9-4E83-B2DA-CC44E74D9B99}.Debug|x64.ActiveCfg = Debug|Any CPU
		{624A39A0-76F9-4E83-B2DA-CC44E74D9B99}.Debug|x64.Build.0 = Debug|Any CPU
		{624A39A0-76F9-4E83-B2DA-CC44E74D9B99}.Debug|x86.ActiveCfg = Debug|Any CPU
		{624A39A0-76F9-4E83-B2DA-CC44E74D9B99}.Debug|x86.Build.0 = Debug|Any CPU
		{624A39A0-76F9-4E83-B2DA-CC44E74D9B99}.Release|Any CPU.ActiveCfg = Release|Any CPU
		{624A39A0-76F9-4E83-B2DA-CC44E74D9B99}.Release|Any CPU.Build.0 = Release|Any CPU
		{624A39A0-76F9-4E83-B2DA-CC44E74D9B99}.Release|x64.ActiveCfg = Release|Any CPU
		{624A39A0-76F9-4E83-B2DA-CC44E74D9B99}.Release|x64.Build.0 = Release|Any CPU
		{624A39A0-76F9-4E83-B2DA-CC44E74D9B99}.Release|x86.ActiveCfg = Release|Any CPU
		{624A39A0-76F9-4E83-B2DA-CC44E74D9B99}.Release|x86.Build.0 = Release|Any CPU
		{F4A770C7-357D-4737-BC4A-CBF02DAB0081}.Debug|Any CPU.ActiveCfg = Debug|Any CPU
		{F4A770C7-357D-4737-BC4A-CBF02DAB0081}.Debug|Any CPU.Build.0 = Debug|Any CPU
		{F4A770C7-357D-4737-BC4A-CBF02DAB0081}.Debug|x64.ActiveCfg = Debug|Any CPU
		{F4A770C7-357D-4737-BC4A-CBF02DAB0081}.Debug|x64.Build.0 = Debug|Any CPU
		{F4A770C7-357D-4737-BC4A-CBF02DAB0081}.Debug|x86.ActiveCfg = Debug|Any CPU
		{F4A770C7-357D-4737-BC4A-CBF02DAB0081}.Debug|x86.Build.0 = Debug|Any CPU
		{F4A770C7-357D-4737-BC4A-CBF02DAB0081}.Release|Any CPU.ActiveCfg = Release|Any CPU
		{F4A770C7-357D-4737-BC4A-CBF02DAB0081}.Release|Any CPU.Build.0 = Release|Any CPU
		{F4A770C7-357D-4737-BC4A-CBF02DAB0081}.Release|x64.ActiveCfg = Release|Any CPU
		{F4A770C7-357D-4737-BC4A-CBF02DAB0081}.Release|x64.Build.0 = Release|Any CPU
		{F4A770C7-357D-4737-BC4A-CBF02DAB0081}.Release|x86.ActiveCfg = Release|Any CPU
		{F4A770C7-357D-4737-BC4A-CBF02DAB0081}.Release|x86.Build.0 = Release|Any CPU
		{1B1B0EC1-96D7-4411-84B8-B8131C6AB0CC}.Debug|Any CPU.ActiveCfg = Debug|Any CPU
		{1B1B0EC1-96D7-4411-84B8-B8131C6AB0CC}.Debug|Any CPU.Build.0 = Debug|Any CPU
		{1B1B0EC1-96D7-4411-84B8-B8131C6AB0CC}.Debug|x64.ActiveCfg = Debug|Any CPU
		{1B1B0EC1-96D7-4411-84B8-B8131C6AB0CC}.Debug|x64.Build.0 = Debug|Any CPU
		{1B1B0EC1-96D7-4411-84B8-B8131C6AB0CC}.Debug|x86.ActiveCfg = Debug|Any CPU
		{1B1B0EC1-96D7-4411-84B8-B8131C6AB0CC}.Debug|x86.Build.0 = Debug|Any CPU
		{1B1B0EC1-96D7-4411-84B8-B8131C6AB0CC}.Release|Any CPU.ActiveCfg = Release|Any CPU
		{1B1B0EC1-96D7-4411-84B8-B8131C6AB0CC}.Release|Any CPU.Build.0 = Release|Any CPU
		{1B1B0EC1-96D7-4411-84B8-B8131C6AB0CC}.Release|x64.ActiveCfg = Release|Any CPU
		{1B1B0EC1-96D7-4411-84B8-B8131C6AB0CC}.Release|x64.Build.0 = Release|Any CPU
		{1B1B0EC1-96D7-4411-84B8-B8131C6AB0CC}.Release|x86.ActiveCfg = Release|Any CPU
		{1B1B0EC1-96D7-4411-84B8-B8131C6AB0CC}.Release|x86.Build.0 = Release|Any CPU
	EndGlobalSection
	GlobalSection(SolutionProperties) = preSolution
		HideSolutionNode = FALSE
	EndGlobalSection
	GlobalSection(ExtensibilityGlobals) = postSolution
		SolutionGuid = {49D69B82-E56B-4987-9A60-AF3E4BEDFBCA}
	EndGlobalSection
EndGlobal
